hash: 8d045b83f45c7cc03089385d1a34d132d46468ba8a63d433af5a45e3e4e70835
updated: 2016-07-29T15:42:52.024790738-04:00
imports:
- name: github.com/fvbock/endless
  version: 2cdc20a776897c0f406853c048c33e2c1a9f0ebf
- name: github.com/gin-gonic/gin
  version: f931d1ea80ae95a6fc739213cdd9399bd2967fb6
  subpackages:
  - binding
  - render
- name: github.com/golang/protobuf
  version: 2402d76f3d41f928c7902a765dfc872356dd3aad
  subpackages:
  - proto
- name: github.com/manucorporat/sse
  version: ee05b128a739a0fb76c7ebd3ae4810c1de808d6d
- name: github.com/stretchr/testify
  version: d77da356e56a7428ad25149ca77381849a6a5232
  subpackages:
  - suite
  - assert
- name: github.com/venicegeo/pz-gocommon
  version: 6e17d75eaae57907f5db5ecd06b800b53c64a363
  subpackages:
  - elasticsearch
  - gocommon
- name: github.com/venicegeo/pz-logger
  version: a6f06e159f0a5f939417e523322506f51ab669bd
  subpackages:
  - logger
- name: golang.org/x/net
  version: f315505cf3349909cdf013ea56690da34e96a451
  subpackages:
  - context
- name: gopkg.in/go-playground/validator.v8
  version: c193cecd124b5cc722d7ee5538e945bdb3348435
- name: gopkg.in/olivere/elastic.v3
  version: 787ebbb5a7600662bca364e4e8ca959f315e442f
  subpackages:
  - backoff
  - uritemplates
- name: gopkg.in/yaml.v2
  version: e4d366fc3c7938e2958e662b4258c7a89e1f0e3e
devImports: []
